
Microsoft Visual Studio Solution File, Format Version 12.00
# Visual Studio 15
VisualStudioVersion = 15.0.27703.2018
MinimumVisualStudioVersion = 10.0.40219.1
Project("{FAE04EC0-301F-11D3-BF4B-00C04F79EFBC}") = "JamesStevenson", "JamesStevenson\JamesStevenson.csproj", "{741C343D-5C44-4F53-B84B-DD6B82B097DE}"
EndProject
Global
	GlobalSection(SolutionConfigurationPlatforms) = preSolution
		Debug|Any CPU = Debug|Any CPU
		Release|Any CPU = Release|Any CPU
	EndGlobalSection
	GlobalSection(ProjectConfigurationPlatforms) = postSolution
		{741C343D-5C44-4F53-B84B-DD6B82B097DE}.Debug|Any CPU.ActiveCfg = Debug|Any CPU
		{741C343D-5C44-4F53-B84B-DD6B82B097DE}.Debug|Any CPU.Build.0 = Debug|Any CPU
		{741C343D-5C44-4F53-B84B-DD6B82B097DE}.Release|Any CPU.ActiveCfg = Release|Any CPU
		{741C343D-5C44-4F53-B84B-DD6B82B097DE}.Release|Any CPU.Build.0 = Release|Any CPU
	EndGlobalSection
	GlobalSection(SolutionProperties) = preSolution
		HideSolutionNode = FALSE
	EndGlobalSection
	GlobalSection(ExtensibilityGlobals) = postSolution
		SolutionGuid = {2E64A924-3DB7-4E50-8033-C69A99F29A9F}
	EndGlobalSection
EndGlobal
